
Microsoft Visual Studio Solution File, Format Version 12.00
# Visual Studio Version 16
VisualStudioVersion = 16.0.29021.104
MinimumVisualStudioVersion = 10.0.40219.1
Project("{9A19103F-16F7-4668-BE54-9A1E7A4F7556}") = "GW2EIParser", "GW2EIParser\GW2EIParser.csproj", "{D62FE1FF-934D-4FF8-B613-A06CEAEBBA2F}"
EndProject
Project("{9A19103F-16F7-4668-BE54-9A1E7A4F7556}") = "GW2EIParser.tst", "GW2EIParser.tst\GW2EIParser.tst.csproj", "{60D39F78-96C4-4594-B6D9-213F044E95D0}"
EndProject
Global
	GlobalSection(SolutionConfigurationPlatforms) = preSolution
		Debug|Any CPU = Debug|Any CPU
		Release|Any CPU = Release|Any CPU
	EndGlobalSection
	GlobalSection(ProjectConfigurationPlatforms) = postSolution
		{D62FE1FF-934D-4FF8-B613-A06CEAEBBA2F}.Debug|Any CPU.ActiveCfg = Debug|Any CPU
		{D62FE1FF-934D-4FF8-B613-A06CEAEBBA2F}.Debug|Any CPU.Build.0 = Debug|Any CPU
		{D62FE1FF-934D-4FF8-B613-A06CEAEBBA2F}.Release|Any CPU.ActiveCfg = Release|Any CPU
		{D62FE1FF-934D-4FF8-B613-A06CEAEBBA2F}.Release|Any CPU.Build.0 = Release|Any CPU
		{60D39F78-96C4-4594-B6D9-213F044E95D0}.Debug|Any CPU.ActiveCfg = Debug|Any CPU
		{60D39F78-96C4-4594-B6D9-213F044E95D0}.Debug|Any CPU.Build.0 = Debug|Any CPU
		{60D39F78-96C4-4594-B6D9-213F044E95D0}.Release|Any CPU.ActiveCfg = Release|Any CPU
		{60D39F78-96C4-4594-B6D9-213F044E95D0}.Release|Any CPU.Build.0 = Release|Any CPU
	EndGlobalSection
	GlobalSection(SolutionProperties) = preSolution
		HideSolutionNode = FALSE
	EndGlobalSection
	GlobalSection(ExtensibilityGlobals) = postSolution
		SolutionGuid = {5168D7D6-4F09-475C-B21C-10A522D4E3A4}
	EndGlobalSection
EndGlobal

